// !$*UTF8*$!
{
	archiveVersion = 1;
	classes = {
	};
	objectVersion = 56;
	objects = {

/* Begin PBXBuildFile section */
		B07258C82C3042D0000707AE /* SampleAppApp.swift in Sources */ = {isa = PBXBuildFile; fileRef = B07258C72C3042D0000707AE /* SampleAppApp.swift */; };
		B07258CA2C3042D0000707AE /* ContentView.swift in Sources */ = {isa = PBXBuildFile; fileRef = B07258C92C3042D0000707AE /* ContentView.swift */; };
		B07258CC2C3042D1000707AE /* Assets.xcassets in Resources */ = {isa = PBXBuildFile; fileRef = B07258CB2C3042D1000707AE /* Assets.xcassets */; };
		B07258CF2C3042D1000707AE /* Preview Assets.xcassets in Resources */ = {isa = PBXBuildFile; fileRef = B07258CE2C3042D1000707AE /* Preview Assets.xcassets */; };
		B07258D92C3042D2000707AE /* SampleAppTests.swift in Sources */ = {isa = PBXBuildFile; fileRef = B07258D82C3042D2000707AE /* SampleAppTests.swift */; };
		B07258E32C3042D2000707AE /* SampleAppUITests.swift in Sources */ = {isa = PBXBuildFile; fileRef = B07258E22C3042D2000707AE /* SampleAppUITests.swift */; };
		B07258E52C3042D2000707AE /* SampleAppUITestsLaunchTests.swift in Sources */ = {isa = PBXBuildFile; fileRef = B07258E42C3042D2000707AE /* SampleAppUITestsLaunchTests.swift */; };
/* End PBXBuildFile section */

/* Begin PBXContainerItemProxy section */
		B07258D52C3042D2000707AE /* PBXContainerItemProxy */ = {
			isa = PBXContainerItemProxy;
			containerPortal = B07258BC2C3042D0000707AE /* Project object */;
			proxyType = 1;
			remoteGlobalIDString = B07258C32C3042D0000707AE;
			remoteInfo = SampleApp;
		};
		B07258DF2C3042D2000707AE /* PBXContainerItemProxy */ = {
			isa = PBXContainerItemProxy;
			containerPortal = B07258BC2C3042D0000707AE /* Project object */;
			proxyType = 1;
			remoteGlobalIDString = B07258C32C3042D0000707AE;
			remoteInfo = SampleApp;
		};
/* End PBXContainerItemProxy section */

/* Begin PBXFileReference section */
		B07258C42C3042D0000707AE /* SampleApp.app */ = {isa = PBXFileReference; explicitFileType = wrapper.application; includeInIndex = 0; path = SampleApp.app; sourceTree = BUILT_PRODUCTS_DIR; };
		B07258C72C3042D0000707AE /* SampleAppApp.swift */ = {isa = PBXFileReference; lastKnownFileType = sourcecode.swift; path = SampleAppApp.swift; sourceTree = "<group>"; };
		B07258C92C3042D0000707AE /* ContentView.swift */ = {isa = PBXFileReference; lastKnownFileType = sourcecode.swift; path = ContentView.swift; sourceTree = "<group>"; };
		B07258CB2C3042D1000707AE /* Assets.xcassets */ = {isa = PBXFileReference; lastKnownFileType = folder.assetcatalog; path = Assets.xcassets; sourceTree = "<group>"; };
		B07258CE2C3042D1000707AE /* Preview Assets.xcassets */ = {isa = PBXFileReference; lastKnownFileType = folder.assetcatalog; path = "Preview Assets.xcassets"; sourceTree = "<group>"; };
		B07258D42C3042D2000707AE /* SampleAppTests.xctest */ = {isa = PBXFileReference; explicitFileType = wrapper.cfbundle; includeInIndex = 0; path = SampleAppTests.xctest; sourceTree = BUILT_PRODUCTS_DIR; };
		B07258D82C3042D2000707AE /* SampleAppTests.swift */ = {isa = PBXFileReference; lastKnownFileType = sourcecode.swift; path = SampleAppTests.swift; sourceTree = "<group>"; };
		B07258DE2C3042D2000707AE /* SampleAppUITests.xctest */ = {isa = PBXFileReference; explicitFileType = wrapper.cfbundle; includeInIndex = 0; path = SampleAppUITests.xctest; sourceTree = BUILT_PRODUCTS_DIR; };
		B07258E22C3042D2000707AE /* SampleAppUITests.swift */ = {isa = PBXFileReference; lastKnownFileType = sourcecode.swift; path = SampleAppUITests.swift; sourceTree = "<group>"; };
		B07258E42C3042D2000707AE /* SampleAppUITestsLaunchTests.swift */ = {isa = PBXFileReference; lastKnownFileType = sourcecode.swift; path = SampleAppUITestsLaunchTests.swift; sourceTree = "<group>"; };
/* End PBXFileReference section */

/* Begin PBXFrameworksBuildPhase section */
		B07258C12C3042D0000707AE /* Frameworks */ = {
			isa = PBXFrameworksBuildPhase;
			buildActionMask = 2147483647;
			files = (
			);
			runOnlyForDeploymentPostprocessing = 0;
		};
		B07258D12C3042D2000707AE /* Frameworks */ = {
			isa = PBXFrameworksBuildPhase;
			buildActionMask = 2147483647;
			files = (
			);
			runOnlyForDeploymentPostprocessing = 0;
		};
		B07258DB2C3042D2000707AE /* Frameworks */ = {
			isa = PBXFrameworksBuildPhase;
			buildActionMask = 2147483647;
			files = (
			);
			runOnlyForDeploymentPostprocessing = 0;
		};
/* End PBXFrameworksBuildPhase section */

/* Begin PBXGroup section */
		B07258BB2C3042D0000707AE = {
			isa = PBXGroup;
			children = (
				B07258C62C3042D0000707AE /* SampleApp */,
				B07258D72C3042D2000707AE /* SampleAppTests */,
				B07258E12C3042D2000707AE /* SampleAppUITests */,
				B07258C52C3042D0000707AE /* Products */,
			);
			sourceTree = "<group>";
		};
		B07258C52C3042D0000707AE /* Products */ = {
			isa = PBXGroup;
			children = (
				B07258C42C3042D0000707AE /* SampleApp.app */,
				B07258D42C3042D2000707AE /* SampleAppTests.xctest */,
				B07258DE2C3042D2000707AE /* SampleAppUITests.xctest */,
			);
			name = Products;
			sourceTree = "<group>";
		};
		B07258C62C3042D0000707AE /* SampleApp */ = {
			isa = PBXGroup;
			children = (
				B07258C72C3042D0000707AE /* SampleAppApp.swift */,
				B07258C92C3042D0000707AE /* ContentView.swift */,
				B07258CB2C3042D1000707AE /* Assets.xcassets */,
				B07258CD2C3042D1000707AE /* Preview Content */,
			);
			path = SampleApp;
			sourceTree = "<group>";
		};
		B07258CD2C3042D1000707AE /* Preview Content */ = {
			isa = PBXGroup;
			children = (
				B07258CE2C3042D1000707AE /* Preview Assets.xcassets */,
			);
			path = "Preview Content";
			sourceTree = "<group>";
		};
		B07258D72C3042D2000707AE /* SampleAppTests */ = {
			isa = PBXGroup;
			children = (
				B07258D82C3042D2000707AE /* SampleAppTests.swift */,
			);
			path = SampleAppTests;
			sourceTree = "<group>";
		};
		B07258E12C3042D2000707AE /* SampleAppUITests */ = {
			isa = PBXGroup;
			children = (
				B07258E22C3042D2000707AE /* SampleAppUITests.swift */,
				B07258E42C3042D2000707AE /* SampleAppUITestsLaunchTests.swift */,
			);
			path = SampleAppUITests;
			sourceTree = "<group>";
		};
/* End PBXGroup section */

/* Begin PBXNativeTarget section */
		B07258C32C3042D0000707AE /* SampleApp */ = {
			isa = PBXNativeTarget;
			buildConfigurationList = B07258E82C3042D2000707AE /* Build configuration list for PBXNativeTarget "SampleApp" */;
			buildPhases = (
				B07258C02C3042D0000707AE /* Sources */,
				B07258C12C3042D0000707AE /* Frameworks */,
				B07258C22C3042D0000707AE /* Resources */,
			);
			buildRules = (
			);
			dependencies = (
			);
			name = SampleApp;
			productName = SampleApp;
			productReference = B07258C42C3042D0000707AE /* SampleApp.app */;
			productType = "com.apple.product-type.application";
		};
		B07258D32C3042D2000707AE /* SampleAppTests */ = {
			isa = PBXNativeTarget;
			buildConfigurationList = B07258EB2C3042D2000707AE /* Build configuration list for PBXNativeTarget "SampleAppTests" */;
			buildPhases = (
				B07258D02C3042D2000707AE /* Sources */,
				B07258D12C3042D2000707AE /* Frameworks */,
				B07258D22C3042D2000707AE /* Resources */,
			);
			buildRules = (
			);
			dependencies = (
				B07258D62C3042D2000707AE /* PBXTargetDependency */,
			);
			name = SampleAppTests;
			productName = SampleAppTests;
			productReference = B07258D42C3042D2000707AE /* SampleAppTests.xctest */;
			productType = "com.apple.product-type.bundle.unit-test";
		};
		B07258DD2C3042D2000707AE /* SampleAppUITests */ = {
			isa = PBXNativeTarget;
			buildConfigurationList = B07258EE2C3042D2000707AE /* Build configuration list for PBXNativeTarget "SampleAppUITests" */;
			buildPhases = (
				B07258DA2C3042D2000707AE /* Sources */,
				B07258DB2C3042D2000707AE /* Frameworks */,
				B07258DC2C3042D2000707AE /* Resources */,
			);
			buildRules = (
			);
			dependencies = (
				B07258E02C3042D2000707AE /* PBXTargetDependency */,
			);
			name = SampleAppUITests;
			productName = SampleAppUITests;
			productReference = B07258DE2C3042D2000707AE /* SampleAppUITests.xctest */;
			productType = "com.apple.product-type.bundle.ui-testing";
		};
/* End PBXNativeTarget section */

/* Begin PBXProject section */
		B07258BC2C3042D0000707AE /* Project object */ = {
			isa = PBXProject;
			attributes = {
				BuildIndependentTargetsInParallel = 1;
				LastSwiftUpdateCheck = 1540;
				LastUpgradeCheck = 1540;
				TargetAttributes = {
					B07258C32C3042D0000707AE = {
						CreatedOnToolsVersion = 15.4;
					};
					B07258D32C3042D2000707AE = {
						CreatedOnToolsVersion = 15.4;
						TestTargetID = B07258C32C3042D0000707AE;
					};
					B07258DD2C3042D2000707AE = {
						CreatedOnToolsVersion = 15.4;
						TestTargetID = B07258C32C3042D0000707AE;
					};
				};
			};
			buildConfigurationList = B07258BF2C3042D0000707AE /* Build configuration list for PBXProject "SampleApp" */;
			compatibilityVersion = "Xcode 14.0";
			developmentRegion = en;
			hasScannedForEncodings = 0;
			knownRegions = (
				en,
				Base,
			);
			mainGroup = B07258BB2C3042D0000707AE;
			productRefGroup = B07258C52C3042D0000707AE /* Products */;
			projectDirPath = "";
			projectRoot = "";
			targets = (
				B07258C32C3042D0000707AE /* SampleApp */,
				B07258D32C3042D2000707AE /* SampleAppTests */,
				B07258DD2C3042D2000707AE /* SampleAppUITests */,
			);
		};
/* End PBXProject section */

/* Begin PBXResourcesBuildPhase section */
		B07258C22C3042D0000707AE /* Resources */ = {
			isa = PBXResourcesBuildPhase;
			buildActionMask = 2147483647;
			files = (
				B07258CF2C3042D1000707AE /* Preview Assets.xcassets in Resources */,
				B07258CC2C3042D1000707AE /* Assets.xcassets in Resources */,
			);
			runOnlyForDeploymentPostprocessing = 0;
		};
		B07258D22C3042D2000707AE /* Resources */ = {
			isa = PBXResourcesBuildPhase;
			buildActionMask = 2147483647;
			files = (
			);
			runOnlyForDeploymentPostprocessing = 0;
		};
		B07258DC2C3042D2000707AE /* Resources */ = {
			isa = PBXResourcesBuildPhase;
			buildActionMask = 2147483647;
			files = (
			);
			runOnlyForDeploymentPostprocessing = 0;
		};
/* End PBXResourcesBuildPhase section */

/* Begin PBXSourcesBuildPhase section */
		B07258C02C3042D0000707AE /* Sources */ = {
			isa = PBXSourcesBuildPhase;
			buildActionMask = 2147483647;
			files = (
				B07258CA2C3042D0000707AE /* ContentView.swift in Sources */,
				B07258C82C3042D0000707AE /* SampleAppApp.swift in Sources */,
			);
			runOnlyForDeploymentPostprocessing = 0;
		};
		B07258D02C3042D2000707AE /* Sources */ = {
			isa = PBXSourcesBuildPhase;
			buildActionMask = 2147483647;
			files = (
				B07258D92C3042D2000707AE /* SampleAppTests.swift in Sources */,
			);
			runOnlyForDeploymentPostprocessing = 0;
		};
		B07258DA2C3042D2000707AE /* Sources */ = {
			isa = PBXSourcesBuildPhase;
			buildActionMask = 2147483647;
			files = (
				B07258E52C3042D2000707AE /* SampleAppUITestsLaunchTests.swift in Sources */,
				B07258E32C3042D2000707AE /* SampleAppUITests.swift in Sources */,
			);
			runOnlyForDeploymentPostprocessing = 0;
		};
/* End PBXSourcesBuildPhase section */

/* Begin PBXTargetDependency section */
		B07258D62C3042D2000707AE /* PBXTargetDependency */ = {
			isa = PBXTargetDependency;
			target = B07258C32C3042D0000707AE /* SampleApp */;
			targetProxy = B07258D52C3042D2000707AE /* PBXContainerItemProxy */;
		};
		B07258E02C3042D2000707AE /* PBXTargetDependency */ = {
			isa = PBXTargetDependency;
			target = B07258C32C3042D0000707AE /* SampleApp */;
			targetProxy = B07258DF2C3042D2000707AE /* PBXContainerItemProxy */;
		};
/* End PBXTargetDependency section */

/* Begin XCBuildConfiguration section */
		B07258E62C3042D2000707AE /* Debug */ = {
			isa = XCBuildConfiguration;
			buildSettings = {
				ALWAYS_SEARCH_USER_PATHS = NO;
				ASSETCATALOG_COMPILER_GENERATE_SWIFT_ASSET_SYMBOL_EXTENSIONS = YES;
				CLANG_ANALYZER_NONNULL = YES;
				CLANG_ANALYZER_NUMBER_OBJECT_CONVERSION = YES_AGGRESSIVE;
				CLANG_CXX_LANGUAGE_STANDARD = "gnu++20";
				CLANG_ENABLE_MODULES = YES;
				CLANG_ENABLE_OBJC_ARC = YES;
				CLANG_ENABLE_OBJC_WEAK = YES;
				CLANG_WARN_BLOCK_CAPTURE_AUTORELEASING = YES;
				CLANG_WARN_BOOL_CONVERSION = YES;
				CLANG_WARN_COMMA = YES;
				CLANG_WARN_CONSTANT_CONVERSION = YES;
				CLANG_WARN_DEPRECATED_OBJC_IMPLEMENTATIONS = YES;
				CLANG_WARN_DIRECT_OBJC_ISA_USAGE = YES_ERROR;
				CLANG_WARN_DOCUMENTATION_COMMENTS = YES;
				CLANG_WARN_EMPTY_BODY = YES;
				CLANG_WARN_ENUM_CONVERSION = YES;
				CLANG_WARN_INFINITE_RECURSION = YES;
				CLANG_WARN_INT_CONVERSION = YES;
				CLANG_WARN_NON_LITERAL_NULL_CONVERSION = YES;
				CLANG_WARN_OBJC_IMPLICIT_RETAIN_SELF = YES;
				CLANG_WARN_OBJC_LITERAL_CONVERSION = YES;
				CLANG_WARN_OBJC_ROOT_CLASS = YES_ERROR;
				CLANG_WARN_QUOTED_INCLUDE_IN_FRAMEWORK_HEADER = YES;
				CLANG_WARN_RANGE_LOOP_ANALYSIS = YES;
				CLANG_WARN_STRICT_PROTOTYPES = YES;
				CLANG_WARN_SUSPICIOUS_MOVE = YES;
				CLANG_WARN_UNGUARDED_AVAILABILITY = YES_AGGRESSIVE;
				CLANG_WARN_UNREACHABLE_CODE = YES;
				CLANG_WARN__DUPLICATE_METHOD_MATCH = YES;
				COPY_PHASE_STRIP = NO;
				DEBUG_INFORMATION_FORMAT = dwarf;
				ENABLE_STRICT_OBJC_MSGSEND = YES;
				ENABLE_TESTABILITY = YES;
				ENABLE_USER_SCRIPT_SANDBOXING = YES;
				GCC_C_LANGUAGE_STANDARD = gnu17;
				GCC_DYNAMIC_NO_PIC = NO;
				GCC_NO_COMMON_BLOCKS = YES;
				GCC_OPTIMIZATION_LEVEL = 0;
				GCC_PREPROCESSOR_DEFINITIONS = (
					"DEBUG=1",
					"$(inherited)",
				);
				GCC_WARN_64_TO_32_BIT_CONVERSION = YES;
				GCC_WARN_ABOUT_RETURN_TYPE = YES_ERROR;
				GCC_WARN_UNDECLARED_SELECTOR = YES;
				GCC_WARN_UNINITIALIZED_AUTOS = YES_AGGRESSIVE;
				GCC_WARN_UNUSED_FUNCTION = YES;
				GCC_WARN_UNUSED_VARIABLE = YES;
				IPHONEOS_DEPLOYMENT_TARGET = 17.5;
				LOCALIZATION_PREFERS_STRING_CATALOGS = YES;
				MTL_ENABLE_DEBUG_INFO = INCLUDE_SOURCE;
				MTL_FAST_MATH = YES;
				ONLY_ACTIVE_ARCH = YES;
				SDKROOT = iphoneos;
				SWIFT_ACTIVE_COMPILATION_CONDITIONS = "DEBUG $(inherited)";
				SWIFT_OPTIMIZATION_LEVEL = "-Onone";
			};
			name = Debug;
		};
		B07258E72C3042D2000707AE /* Release */ = {
			isa = XCBuildConfiguration;
			buildSettings = {
				ALWAYS_SEARCH_USER_PATHS = NO;
				ASSETCATALOG_COMPILER_GENERATE_SWIFT_ASSET_SYMBOL_EXTENSIONS = YES;
				CLANG_ANALYZER_NONNULL = YES;
				CLANG_ANALYZER_NUMBER_OBJECT_CONVERSION = YES_AGGRESSIVE;
				CLANG_CXX_LANGUAGE_STANDARD = "gnu++20";
				CLANG_ENABLE_MODULES = YES;
				CLANG_ENABLE_OBJC_ARC = YES;
				CLANG_ENABLE_OBJC_WEAK = YES;
				CLANG_WARN_BLOCK_CAPTURE_AUTORELEASING = YES;
				CLANG_WARN_BOOL_CONVERSION = YES;
				CLANG_WARN_COMMA = YES;
				CLANG_WARN_CONSTANT_CONVERSION = YES;
				CLANG_WARN_DEPRECATED_OBJC_IMPLEMENTATIONS = YES;
				CLANG_WARN_DIRECT_OBJC_ISA_USAGE = YES_ERROR;
				CLANG_WARN_DOCUMENTATION_COMMENTS = YES;
				CLANG_WARN_EMPTY_BODY = YES;
				CLANG_WARN_ENUM_CONVERSION = YES;
				CLANG_WARN_INFINITE_RECURSION = YES;
				CLANG_WARN_INT_CONVERSION = YES;
				CLANG_WARN_NON_LITERAL_NULL_CONVERSION = YES;
				CLANG_WARN_OBJC_IMPLICIT_RETAIN_SELF = YES;
				CLANG_WARN_OBJC_LITERAL_CONVERSION = YES;
				CLANG_WARN_OBJC_ROOT_CLASS = YES_ERROR;
				CLANG_WARN_QUOTED_INCLUDE_IN_FRAMEWORK_HEADER = YES;
				CLANG_WARN_RANGE_LOOP_ANALYSIS = YES;
				CLANG_WARN_STRICT_PROTOTYPES = YES;
				CLANG_WARN_SUSPICIOUS_MOVE = YES;
				CLANG_WARN_UNGUARDED_AVAILABILITY = YES_AGGRESSIVE;
				CLANG_WARN_UNREACHABLE_CODE = YES;
				CLANG_WARN__DUPLICATE_METHOD_MATCH = YES;
				COPY_PHASE_STRIP = NO;
				DEBUG_INFORMATION_FORMAT = "dwarf-with-dsym";
				ENABLE_NS_ASSERTIONS = NO;
				ENABLE_STRICT_OBJC_MSGSEND = YES;
				ENABLE_USER_SCRIPT_SANDBOXING = YES;
				GCC_C_LANGUAGE_STANDARD = gnu17;
				GCC_NO_COMMON_BLOCKS = YES;
				GCC_WARN_64_TO_32_BIT_CONVERSION = YES;
				GCC_WARN_ABOUT_RETURN_TYPE = YES_ERROR;
				GCC_WARN_UNDECLARED_SELECTOR = YES;
				GCC_WARN_UNINITIALIZED_AUTOS = YES_AGGRESSIVE;
				GCC_WARN_UNUSED_FUNCTION = YES;
				GCC_WARN_UNUSED_VARIABLE = YES;
				IPHONEOS_DEPLOYMENT_TARGET = 17.5;
				LOCALIZATION_PREFERS_STRING_CATALOGS = YES;
				MTL_ENABLE_DEBUG_INFO = NO;
				MTL_FAST_MATH = YES;
				SDKROOT = iphoneos;
				SWIFT_COMPILATION_MODE = wholemodule;
				VALIDATE_PRODUCT = YES;
			};
			name = Release;
		};
		B07258E92C3042D2000707AE /* Debug */ = {
			isa = XCBuildConfiguration;
			buildSettings = {
				ASSETCATALOG_COMPILER_APPICON_NAME = AppIcon;
				ASSETCATALOG_COMPILER_GLOBAL_ACCENT_COLOR_NAME = AccentColor;
				CODE_SIGN_STYLE = Automatic;
				CURRENT_PROJECT_VERSION = 1;
				DEVELOPMENT_ASSET_PATHS = "\"SampleApp/Preview Content\"";
				DEVELOPMENT_TEAM = 57KXZ3ZY2U;
				ENABLE_PREVIEWS = YES;
				GENERATE_INFOPLIST_FILE = YES;
				INFOPLIST_KEY_UIApplicationSceneManifest_Generation = YES;
				INFOPLIST_KEY_UIApplicationSupportsIndirectInputEvents = YES;
				INFOPLIST_KEY_UILaunchScreen_Generation = YES;
				INFOPLIST_KEY_UISupportedInterfaceOrientations_iPad = "UIInterfaceOrientationPortrait UIInterfaceOrientationPortraitUpsideDown UIInterfaceOrientationLandscapeLeft UIInterfaceOrientationLandscapeRight";
				INFOPLIST_KEY_UISupportedInterfaceOrientations_iPhone = "UIInterfaceOrientationPortrait UIInterfaceOrientationLandscapeLeft UIInterfaceOrientationLandscapeRight";
				LD_RUNPATH_SEARCH_PATHS = (
					"$(inherited)",
					"@executable_path/Frameworks",
				);
				MARKETING_VERSION = 1.0;
				PRODUCT_BUNDLE_IDENTIFIER = com.mina.SampleApp;
				PRODUCT_NAME = "$(TARGET_NAME)";
				SWIFT_EMIT_LOC_STRINGS = YES;
				SWIFT_VERSION = 5.0;
				TARGETED_DEVICE_FAMILY = "1,2";
			};
			name = Debug;
		};
		B07258EA2C3042D2000707AE /* Release */ = {
			isa = XCBuildConfiguration;
			buildSettings = {
				ASSETCATALOG_COMPILER_APPICON_NAME = AppIcon;
				ASSETCATALOG_COMPILER_GLOBAL_ACCENT_COLOR_NAME = AccentColor;
				CODE_SIGN_STYLE = Automatic;
				CURRENT_PROJECT_VERSION = 1;
				DEVELOPMENT_ASSET_PATHS = "\"SampleApp/Preview Content\"";
				DEVELOPMENT_TEAM = 57KXZ3ZY2U;
				ENABLE_PREVIEWS = YES;
				GENERATE_INFOPLIST_FILE = YES;
				INFOPLIST_KEY_UIApplicationSceneManifest_Generation = YES;
				INFOPLIST_KEY_UIApplicationSupportsIndirectInputEvents = YES;
				INFOPLIST_KEY_UILaunchScreen_Generation = YES;
				INFOPLIST_KEY_UISupportedInterfaceOrientations_iPad = "UIInterfaceOrientationPortrait UIInterfaceOrientationPortraitUpsideDown UIInterfaceOrientationLandscapeLeft UIInterfaceOrientationLandscapeRight";
				INFOPLIST_KEY_UISupportedInterfaceOrientations_iPhone = "UIInterfaceOrientationPortrait UIInterfaceOrientationLandscapeLeft UIInterfaceOrientationLandscapeRight";
				LD_RUNPATH_SEARCH_PATHS = (
					"$(inherited)",
					"@executable_path/Frameworks",
				);
				MARKETING_VERSION = 1.0;
				PRODUCT_BUNDLE_IDENTIFIER = com.mina.SampleApp;
				PRODUCT_NAME = "$(TARGET_NAME)";
				SWIFT_EMIT_LOC_STRINGS = YES;
				SWIFT_VERSION = 5.0;
				TARGETED_DEVICE_FAMILY = "1,2";
			};
			name = Release;
		};
		B07258EC2C3042D2000707AE /* Debug */ = {
			isa = XCBuildConfiguration;
			buildSettings = {
				ALWAYS_EMBED_SWIFT_STANDARD_LIBRARIES = YES;
				BUNDLE_LOADER = "$(TEST_HOST)";
				CODE_SIGN_STYLE = Automatic;
				CURRENT_PROJECT_VERSION = 1;
				DEVELOPMENT_TEAM = 57KXZ3ZY2U;
				GENERATE_INFOPLIST_FILE = YES;
				IPHONEOS_DEPLOYMENT_TARGET = 17.5;
				MARKETING_VERSION = 1.0;
				PRODUCT_BUNDLE_IDENTIFIER = com.mina.SampleAppTests;
				PRODUCT_NAME = "$(TARGET_NAME)";
				SWIFT_EMIT_LOC_STRINGS = NO;
				SWIFT_VERSION = 5.0;
				TARGETED_DEVICE_FAMILY = "1,2";
				TEST_HOST = "$(BUILT_PRODUCTS_DIR)/SampleApp.app/$(BUNDLE_EXECUTABLE_FOLDER_PATH)/SampleApp";
			};
			name = Debug;
		};
		B07258ED2C3042D2000707AE /* Release */ = {
			isa = XCBuildConfiguration;
			buildSettings = {
				ALWAYS_EMBED_SWIFT_STANDARD_LIBRARIES = YES;
				BUNDLE_LOADER = "$(TEST_HOST)";
				CODE_SIGN_STYLE = Automatic;
				CURRENT_PROJECT_VERSION = 1;
				DEVELOPMENT_TEAM = 57KXZ3ZY2U;
				GENERATE_INFOPLIST_FILE = YES;
				IPHONEOS_DEPLOYMENT_TARGET = 17.5;
				MARKETING_VERSION = 1.0;
				PRODUCT_BUNDLE_IDENTIFIER = com.mina.SampleAppTests;
				PRODUCT_NAME = "$(TARGET_NAME)";
				SWIFT_EMIT_LOC_STRINGS = NO;
				SWIFT_VERSION = 5.0;
				TARGETED_DEVICE_FAMILY = "1,2";
				TEST_HOST = "$(BUILT_PRODUCTS_DIR)/SampleApp.app/$(BUNDLE_EXECUTABLE_FOLDER_PATH)/SampleApp";
			};
			name = Release;
		};
		B07258EF2C3042D2000707AE /* Debug */ = {
			isa = XCBuildConfiguration;
			buildSettings = {
				ALWAYS_EMBED_SWIFT_STANDARD_LIBRARIES = YES;
				CODE_SIGN_STYLE = Automatic;
				CURRENT_PROJECT_VERSION = 1;
				DEVELOPMENT_TEAM = 57KXZ3ZY2U;
				GENERATE_INFOPLIST_FILE = YES;
				MARKETING_VERSION = 1.0;
				PRODUCT_BUNDLE_IDENTIFIER = com.mina.SampleAppUITests;
				PRODUCT_NAME = "$(TARGET_NAME)";
				SWIFT_EMIT_LOC_STRINGS = NO;
				SWIFT_VERSION = 5.0;
				TARGETED_DEVICE_FAMILY = "1,2";
				TEST_TARGET_NAME = SampleApp;
			};
			name = Debug;
		};
		B07258F02C3042D2000707AE /* Release */ = {
			isa = XCBuildConfiguration;
			buildSettings = {
				ALWAYS_EMBED_SWIFT_STANDARD_LIBRARIES = YES;
				CODE_SIGN_STYLE = Automatic;
				CURRENT_PROJECT_VERSION = 1;
				DEVELOPMENT_TEAM = 57KXZ3ZY2U;
				GENERATE_INFOPLIST_FILE = YES;
				MARKETING_VERSION = 1.0;
				PRODUCT_BUNDLE_IDENTIFIER = com.mina.SampleAppUITests;
				PRODUCT_NAME = "$(TARGET_NAME)";
				SWIFT_EMIT_LOC_STRINGS = NO;
				SWIFT_VERSION = 5.0;
				TARGETED_DEVICE_FAMILY = "1,2";
				TEST_TARGET_NAME = SampleApp;
			};
			name = Release;
		};
/* End XCBuildConfiguration section */

/* Begin XCConfigurationList section */
		B07258BF2C3042D0000707AE /* Build configuration list for PBXProject "SampleApp" */ = {
			isa = XCConfigurationList;
			buildConfigurations = (
				B07258E62C3042D2000707AE /* Debug */,
				B07258E72C3042D2000707AE /* Release */,
			);
			defaultConfigurationIsVisible = 0;
			defaultConfigurationName = Release;
		};
		B07258E82C3042D2000707AE /* Build configuration list for PBXNativeTarget "SampleApp" */ = {
			isa = XCConfigurationList;
			buildConfigurations = (
				B07258E92C3042D2000707AE /* Debug */,
				B07258EA2C3042D2000707AE /* Release */,
			);
			defaultConfigurationIsVisible = 0;
			defaultConfigurationName = Release;
		};
		B07258EB2C3042D2000707AE /* Build configuration list for PBXNativeTarget "SampleAppTests" */ = {
			isa = XCConfigurationList;
			buildConfigurations = (
				B07258EC2C3042D2000707AE /* Debug */,
				B07258ED2C3042D2000707AE /* Release */,
			);
			defaultConfigurationIsVisible = 0;
			defaultConfigurationName = Release;
		};
		B07258EE2C3042D2000707AE /* Build configuration list for PBXNativeTarget "SampleAppUITests" */ = {
			isa = XCConfigurationList;
			buildConfigurations = (
				B07258EF2C3042D2000707AE /* Debug */,
				B07258F02C3042D2000707AE /* Release */,
			);
			defaultConfigurationIsVisible = 0;
			defaultConfigurationName = Release;
		};
/* End XCConfigurationList section */
	};
	rootObject = B07258BC2C3042D0000707AE /* Project object */;
}
